
Microsoft Visual Studio Solution File, Format Version 12.00
# Visual Studio 2013
VisualStudioVersion = 12.0.0.0
MinimumVisualStudioVersion = 10.0.0.1
Project("{FAE04EC0-301F-11D3-BF4B-00C04F79EFBC}") = "URLShortener", "URLShortener/URLShortener.csproj", "{CA9E7069-90AC-4C17-89D7-E6A0D435DF13}"
EndProject
Project("{FAE04EC0-301F-11D3-BF4B-00C04F79EFBC}") = "nthFibonacci", "nthFibonacci\nthFibonacci.csproj", "{3B95E15F-4F3A-4EB0-B0F5-FEBBCCE5A39D}"
EndProject
Global
	GlobalSection(SolutionConfigurationPlatforms) = preSolution
		Debug|Any CPU = Debug|Any CPU
		Release|Any CPU = Release|Any CPU
	EndGlobalSection
	GlobalSection(ProjectConfigurationPlatforms) = postSolution
		{CA9E7069-90AC-4C17-89D7-E6A0D435DF13}.Debug|Any CPU.ActiveCfg = Debug|Any CPU
		{CA9E7069-90AC-4C17-89D7-E6A0D435DF13}.Debug|Any CPU.Build.0 = Debug|Any CPU
		{CA9E7069-90AC-4C17-89D7-E6A0D435DF13}.Release|Any CPU.ActiveCfg = Release|Any CPU
		{CA9E7069-90AC-4C17-89D7-E6A0D435DF13}.Release|Any CPU.Build.0 = Release|Any CPU
		{3B95E15F-4F3A-4EB0-B0F5-FEBBCCE5A39D}.Debug|Any CPU.ActiveCfg = Debug|Any CPU
		{3B95E15F-4F3A-4EB0-B0F5-FEBBCCE5A39D}.Debug|Any CPU.Build.0 = Debug|Any CPU
		{3B95E15F-4F3A-4EB0-B0F5-FEBBCCE5A39D}.Release|Any CPU.ActiveCfg = Release|Any CPU
		{3B95E15F-4F3A-4EB0-B0F5-FEBBCCE5A39D}.Release|Any CPU.Build.0 = Release|Any CPU
	EndGlobalSection
	GlobalSection(SolutionProperties) = preSolution
		HideSolutionNode = FALSE
	EndGlobalSection
EndGlobal
