
Microsoft Visual Studio Solution File, Format Version 12.00
# Visual Studio 2013
VisualStudioVersion = 12.0.0.0
MinimumVisualStudioVersion = 10.0.0.1
Project("{FAE04EC0-301F-11D3-BF4B-00C04F79EFBC}") = "URLShortener", "URLShortener/URLShortener.csproj", "{CA9E7069-90AC-4C17-89D7-E6A0D435DF13}"
EndProject
Project("{FAE04EC0-301F-11D3-BF4B-00C04F79EFBC}") = "nthFibonacci", "nthFibonacci\nthFibonacci.csproj", "{3B95E15F-4F3A-4EB0-B0F5-FEBBCCE5A39D}"
EndProject
Project("{FAE04EC0-301F-11D3-BF4B-00C04F79EFBC}") = "MillionGazillion", "MillionGazillion\MillionGazillion.csproj", "{15F258E0-07DF-4219-B49A-9B568B72309F}"
EndProject
Project("{FAE04EC0-301F-11D3-BF4B-00C04F79EFBC}") = "BinarySearchTreeChecker", "BinarySearchTreeChecker\BinarySearchTreeChecker.csproj", "{14187460-918A-4275-A393-28D2DF3C914C}"
EndProject
Project("{FAE04EC0-301F-11D3-BF4B-00C04F79EFBC}") = "HiCal", "HiCal\HiCal.csproj", "{25296814-115E-44D8-8E43-69C15D8B8147}"
EndProject
Project("{FAE04EC0-301F-11D3-BF4B-00C04F79EFBC}") = "MakingChange", "MakingChange\MakingChange.csproj", "{178C3263-A361-458F-81CF-A41AB53763E9}"
EndProject
Project("{FAE04EC0-301F-11D3-BF4B-00C04F79EFBC}") = "RectangularLove", "RectangularLove\RectangularLove.csproj", "{4F185933-6429-42D8-ADDC-5BA01BA054DC}"
EndProject
Project("{FAE04EC0-301F-11D3-BF4B-00C04F79EFBC}") = "TemperatureTracker", "TemperatureTracker\TemperatureTracker.csproj", "{ADA2C5C0-652A-452F-8288-88FBF2D2E423}"
EndProject
Project("{FAE04EC0-301F-11D3-BF4B-00C04F79EFBC}") = "TwoEggProblem", "TwoEggProblem\TwoEggProblem.csproj", "{5A3812C2-683F-4AA7-AE34-5597C40BE043}"
EndProject
Project("{FAE04EC0-301F-11D3-BF4B-00C04F79EFBC}") = "WordCloudData", "WordCloudData\WordCloudData.csproj", "{DC57734B-0F98-4721-B57C-7E793D7B5E65}"
EndProject
Project("{FAE04EC0-301F-11D3-BF4B-00C04F79EFBC}") = "InPlaceShuffle", "InPlaceShuffle\InPlaceShuffle.csproj", "{AB2574CB-CA76-4E4A-AA86-D514626D520D}"
EndProject
Global
	GlobalSection(SolutionConfigurationPlatforms) = preSolution
		Debug|Any CPU = Debug|Any CPU
		Release|Any CPU = Release|Any CPU
	EndGlobalSection
	GlobalSection(ProjectConfigurationPlatforms) = postSolution
		{CA9E7069-90AC-4C17-89D7-E6A0D435DF13}.Debug|Any CPU.ActiveCfg = Debug|Any CPU
		{CA9E7069-90AC-4C17-89D7-E6A0D435DF13}.Debug|Any CPU.Build.0 = Debug|Any CPU
		{CA9E7069-90AC-4C17-89D7-E6A0D435DF13}.Release|Any CPU.ActiveCfg = Release|Any CPU
		{CA9E7069-90AC-4C17-89D7-E6A0D435DF13}.Release|Any CPU.Build.0 = Release|Any CPU
		{3B95E15F-4F3A-4EB0-B0F5-FEBBCCE5A39D}.Debug|Any CPU.ActiveCfg = Debug|Any CPU
		{3B95E15F-4F3A-4EB0-B0F5-FEBBCCE5A39D}.Debug|Any CPU.Build.0 = Debug|Any CPU
		{3B95E15F-4F3A-4EB0-B0F5-FEBBCCE5A39D}.Release|Any CPU.ActiveCfg = Release|Any CPU
		{3B95E15F-4F3A-4EB0-B0F5-FEBBCCE5A39D}.Release|Any CPU.Build.0 = Release|Any CPU
		{15F258E0-07DF-4219-B49A-9B568B72309F}.Debug|Any CPU.ActiveCfg = Debug|Any CPU
		{15F258E0-07DF-4219-B49A-9B568B72309F}.Debug|Any CPU.Build.0 = Debug|Any CPU
		{15F258E0-07DF-4219-B49A-9B568B72309F}.Release|Any CPU.ActiveCfg = Release|Any CPU
		{15F258E0-07DF-4219-B49A-9B568B72309F}.Release|Any CPU.Build.0 = Release|Any CPU
		{14187460-918A-4275-A393-28D2DF3C914C}.Debug|Any CPU.ActiveCfg = Debug|Any CPU
		{14187460-918A-4275-A393-28D2DF3C914C}.Debug|Any CPU.Build.0 = Debug|Any CPU
		{14187460-918A-4275-A393-28D2DF3C914C}.Release|Any CPU.ActiveCfg = Release|Any CPU
		{14187460-918A-4275-A393-28D2DF3C914C}.Release|Any CPU.Build.0 = Release|Any CPU
		{25296814-115E-44D8-8E43-69C15D8B8147}.Debug|Any CPU.ActiveCfg = Debug|Any CPU
		{25296814-115E-44D8-8E43-69C15D8B8147}.Debug|Any CPU.Build.0 = Debug|Any CPU
		{25296814-115E-44D8-8E43-69C15D8B8147}.Release|Any CPU.ActiveCfg = Release|Any CPU
		{25296814-115E-44D8-8E43-69C15D8B8147}.Release|Any CPU.Build.0 = Release|Any CPU
		{178C3263-A361-458F-81CF-A41AB53763E9}.Debug|Any CPU.ActiveCfg = Debug|Any CPU
		{178C3263-A361-458F-81CF-A41AB53763E9}.Debug|Any CPU.Build.0 = Debug|Any CPU
		{178C3263-A361-458F-81CF-A41AB53763E9}.Release|Any CPU.ActiveCfg = Release|Any CPU
		{178C3263-A361-458F-81CF-A41AB53763E9}.Release|Any CPU.Build.0 = Release|Any CPU
		{4F185933-6429-42D8-ADDC-5BA01BA054DC}.Debug|Any CPU.ActiveCfg = Debug|Any CPU
		{4F185933-6429-42D8-ADDC-5BA01BA054DC}.Debug|Any CPU.Build.0 = Debug|Any CPU
		{4F185933-6429-42D8-ADDC-5BA01BA054DC}.Release|Any CPU.ActiveCfg = Release|Any CPU
		{4F185933-6429-42D8-ADDC-5BA01BA054DC}.Release|Any CPU.Build.0 = Release|Any CPU
		{ADA2C5C0-652A-452F-8288-88FBF2D2E423}.Debug|Any CPU.ActiveCfg = Debug|Any CPU
		{ADA2C5C0-652A-452F-8288-88FBF2D2E423}.Debug|Any CPU.Build.0 = Debug|Any CPU
		{ADA2C5C0-652A-452F-8288-88FBF2D2E423}.Release|Any CPU.ActiveCfg = Release|Any CPU
		{ADA2C5C0-652A-452F-8288-88FBF2D2E423}.Release|Any CPU.Build.0 = Release|Any CPU
		{5A3812C2-683F-4AA7-AE34-5597C40BE043}.Debug|Any CPU.ActiveCfg = Debug|Any CPU
		{5A3812C2-683F-4AA7-AE34-5597C40BE043}.Debug|Any CPU.Build.0 = Debug|Any CPU
		{5A3812C2-683F-4AA7-AE34-5597C40BE043}.Release|Any CPU.ActiveCfg = Release|Any CPU
		{5A3812C2-683F-4AA7-AE34-5597C40BE043}.Release|Any CPU.Build.0 = Release|Any CPU
		{DC57734B-0F98-4721-B57C-7E793D7B5E65}.Debug|Any CPU.ActiveCfg = Debug|Any CPU
		{DC57734B-0F98-4721-B57C-7E793D7B5E65}.Debug|Any CPU.Build.0 = Debug|Any CPU
		{DC57734B-0F98-4721-B57C-7E793D7B5E65}.Release|Any CPU.ActiveCfg = Release|Any CPU
		{DC57734B-0F98-4721-B57C-7E793D7B5E65}.Release|Any CPU.Build.0 = Release|Any CPU
		{AB2574CB-CA76-4E4A-AA86-D514626D520D}.Debug|Any CPU.ActiveCfg = Debug|Any CPU
		{AB2574CB-CA76-4E4A-AA86-D514626D520D}.Debug|Any CPU.Build.0 = Debug|Any CPU
		{AB2574CB-CA76-4E4A-AA86-D514626D520D}.Release|Any CPU.ActiveCfg = Release|Any CPU
		{AB2574CB-CA76-4E4A-AA86-D514626D520D}.Release|Any CPU.Build.0 = Release|Any CPU
	EndGlobalSection
	GlobalSection(SolutionProperties) = preSolution
		HideSolutionNode = FALSE
	EndGlobalSection
EndGlobal
